
Microsoft Visual Studio Solution File, Format Version 12.00
# Visual Studio Version 16
VisualStudioVersion = 16.0.808.0
MinimumVisualStudioVersion = 10.0.40219.1
Project("{FAE04EC0-301F-11D3-BF4B-00C04F79EFBC}") = "Reviews", "Reviews.csproj", "{CDB8AF82-7307-4559-877B-DD90336D58AD}"
EndProject
Global
	GlobalSection(SolutionConfigurationPlatforms) = preSolution
		Debug|Any CPU = Debug|Any CPU
		Release|Any CPU = Release|Any CPU
	EndGlobalSection
	GlobalSection(ProjectConfigurationPlatforms) = postSolution
		{CDB8AF82-7307-4559-877B-DD90336D58AD}.Debug|Any CPU.ActiveCfg = Debug|Any CPU
		{CDB8AF82-7307-4559-877B-DD90336D58AD}.Debug|Any CPU.Build.0 = Debug|Any CPU
		{CDB8AF82-7307-4559-877B-DD90336D58AD}.Release|Any CPU.ActiveCfg = Release|Any CPU
		{CDB8AF82-7307-4559-877B-DD90336D58AD}.Release|Any CPU.Build.0 = Release|Any CPU
	EndGlobalSection
	GlobalSection(SolutionProperties) = preSolution
		HideSolutionNode = FALSE
	EndGlobalSection
	GlobalSection(ExtensibilityGlobals) = postSolution
		SolutionGuid = {D74911F5-8E86-485F-99AC-FBF28D35D31F}
	EndGlobalSection
EndGlobal
